File.Version=6
MxCube.Version=6.11.0
MxDb.Version=DB.6.0.110
KeepUserPlacement=false
Mcu.CPN=STM32G431KBT3
Mcu.Name=STM32G431KBTx
board=
ProjectManager.ProjectFileName=ex-graphic-ssd1306-g431kb.ioc
ProjectManager.ProjectName=ex-graphic-ssd1306-g431kb
ProjectManager.PreviousToolchain=
ProjectManager.TargetToolchain=STM32CubeIDE
ProjectManager.DeletePrevious=true
ProjectManager.UnderRoot=true
ProjectManager.MainLocation=Core/Src
ProjectManager.ToolChainLocation=
ProjectManager.LibraryCopy=1
ProjectManager.FirmwarePackage=STM32Cube FW_G4 V1.5.2
ProjectManager.CustomerFirmwarePackage=
ProjectManager.DefaultFWLocation=true
ProjectManager.DeviceId=STM32G431KBTx
ProjectManager.isStatic=false
ProjectManager.isCPP=false
isbadioc=false
